// !$*UTF8*$!
{
	archiveVersion = 1;
	classes = {
	};
	objectVersion = 46;
	objects = {

/* Begin PBXBuildFile section */
		E8194BB3190D79C70072EC6F /* Foundation.framework in Frameworks */ = {isa = PBXBuildFile; fileRef = E8194BB2190D79C70072EC6F /* Foundation.framework */; };
		E8194BB6190D79C70072EC6F /* main.m in Sources */ = {isa = PBXBuildFile; fileRef = E8194BB5190D79C70072EC6F /* main.m */; };
		E8194BC6190D7A190072EC6F /* BlockFunction.m in Sources */ = {isa = PBXBuildFile; fileRef = E8194BC1190D7A190072EC6F /* BlockFunction.m */; };
		E8194BC7190D7A190072EC6F /* Function.m in Sources */ = {isa = PBXBuildFile; fileRef = E8194BC3190D7A190072EC6F /* Function.m */; };
		E8194BC8190D7A190072EC6F /* MethodFunction.m in Sources */ = {isa = PBXBuildFile; fileRef = E8194BC5190D7A190072EC6F /* MethodFunction.m */; };
		E8194BCF190D84C40072EC6F /* MABlockForwarding.m in Sources */ = {isa = PBXBuildFile; fileRef = E8194BCD190D84C40072EC6F /* MABlockForwarding.m */; };
		E83191B4192FCB040048E4BB /* FCFTest.m in Sources */ = {isa = PBXBuildFile; fileRef = E83191B3192FCB040048E4BB /* FCFTest.m */; };
		E83191B7192FD5C80048E4BB /* Scoped1.m in Sources */ = {isa = PBXBuildFile; fileRef = E83191B6192FD5C80048E4BB /* Scoped1.m */; };
		E83191BA192FD5DA0048E4BB /* Scoped2.m in Sources */ = {isa = PBXBuildFile; fileRef = E83191B9192FD5DA0048E4BB /* Scoped2.m */; };
		E851A3AC19199CD40076A5F1 /* EXTScope.m in Sources */ = {isa = PBXBuildFile; fileRef = E851A3AB19199CD40076A5F1 /* EXTScope.m */; };
		E86B6545190EF96700F7916E /* PointerFunction.m in Sources */ = {isa = PBXBuildFile; fileRef = E86B6544190EF96700F7916E /* PointerFunction.m */; };
		E86B6548190F0A4300F7916E /* NSInvocation+Extensions.m in Sources */ = {isa = PBXBuildFile; fileRef = E86B6547190F0A4300F7916E /* NSInvocation+Extensions.m */; };
		E86B654B190F0DB000F7916E /* NSInvocation+Function.m in Sources */ = {isa = PBXBuildFile; fileRef = E86B654A190F0DB000F7916E /* NSInvocation+Function.m */; };
		E8911D2B193155D200E380AF /* NSObject+InfixOperators.m in Sources */ = {isa = PBXBuildFile; fileRef = E8911D2A193155D200E380AF /* NSObject+InfixOperators.m */; };
		E8911D35193A22B200E380AF /* getcputime.c in Sources */ = {isa = PBXBuildFile; fileRef = E8911D34193A22B200E380AF /* getcputime.c */; };
		E8911D38193A283500E380AF /* Benchmarks.m in Sources */ = {isa = PBXBuildFile; fileRef = E8911D37193A283500E380AF /* Benchmarks.m */; };
/* End PBXBuildFile section */

/* Begin PBXCopyFilesBuildPhase section */
		E8194BAD190D79C70072EC6F /* CopyFiles */ = {
			isa = PBXCopyFilesBuildPhase;
			buildActionMask = 2147483647;
			dstPath = /usr/share/man/man1/;
			dstSubfolderSpec = 0;
			files = (
			);
			runOnlyForDeploymentPostprocessing = 1;
		};
/* End PBXCopyFilesBuildPhase section */

/* Begin PBXFileReference section */
		E8194BAF190D79C70072EC6F /* ObjCCurry */ = {isa = PBXFileReference; explicitFileType = "compiled.mach-o.executable"; includeInIndex = 0; path = ObjCCurry; sourceTree = BUILT_PRODUCTS_DIR; };
		E8194BB2190D79C70072EC6F /* Foundation.framework */ = {isa = PBXFileReference; lastKnownFileType = wrapper.framework; name = Foundation.framework; path = System/Library/Frameworks/Foundation.framework; sourceTree = SDKROOT; };
		E8194BB5190D79C70072EC6F /* main.m */ = {isa = PBXFileReference; lastKnownFileType = sourcecode.c.objc; path = main.m; sourceTree = "<group>"; };
		E8194BB8190D79C70072EC6F /* ObjCCurry-Prefix.pch */ = {isa = PBXFileReference; lastKnownFileType = sourcecode.c.h; path = "ObjCCurry-Prefix.pch"; sourceTree = "<group>"; };
		E8194BC0190D7A190072EC6F /* BlockFunction.h */ = {isa = PBXFileReference; fileEncoding = 4; lastKnownFileType = sourcecode.c.h; path = BlockFunction.h; sourceTree = "<group>"; };
		E8194BC1190D7A190072EC6F /* BlockFunction.m */ = {isa = PBXFileReference; fileEncoding = 4; lastKnownFileType = sourcecode.c.objc; path = BlockFunction.m; sourceTree = "<group>"; };
		E8194BC2190D7A190072EC6F /* Function.h */ = {isa = PBXFileReference; fileEncoding = 4; lastKnownFileType = sourcecode.c.h; path = Function.h; sourceTree = "<group>"; };
		E8194BC3190D7A190072EC6F /* Function.m */ = {isa = PBXFileReference; fileEncoding = 4; lastKnownFileType = sourcecode.c.objc; path = Function.m; sourceTree = "<group>"; };
		E8194BC4190D7A190072EC6F /* MethodFunction.h */ = {isa = PBXFileReference; fileEncoding = 4; lastKnownFileType = sourcecode.c.h; path = MethodFunction.h; sourceTree = "<group>"; };
		E8194BC5190D7A190072EC6F /* MethodFunction.m */ = {isa = PBXFileReference; fileEncoding = 4; lastKnownFileType = sourcecode.c.objc; path = MethodFunction.m; sourceTree = "<group>"; };
		E8194BCC190D84C40072EC6F /* MABlockForwarding.h */ = {isa = PBXFileReference; fileEncoding = 4; lastKnownFileType = sourcecode.c.h; path = MABlockForwarding.h; sourceTree = "<group>"; };
		E8194BCD190D84C40072EC6F /* MABlockForwarding.m */ = {isa = PBXFileReference; fileEncoding = 4; lastKnownFileType = sourcecode.c.objc; path = MABlockForwarding.m; sourceTree = "<group>"; };
		E83191AF192FCA920048E4BB /* FCF.h */ = {isa = PBXFileReference; fileEncoding = 4; lastKnownFileType = sourcecode.c.h; path = FCF.h; sourceTree = "<group>"; };
		E83191B2192FCB040048E4BB /* FCFTest.h */ = {isa = PBXFileReference; fileEncoding = 4; lastKnownFileType = sourcecode.c.h; path = FCFTest.h; sourceTree = "<group>"; };
		E83191B3192FCB040048E4BB /* FCFTest.m */ = {isa = PBXFileReference; fileEncoding = 4; lastKnownFileType = sourcecode.c.objc; path = FCFTest.m; sourceTree = "<group>"; };
		E83191B5192FD5C80048E4BB /* Scoped1.h */ = {isa = PBXFileReference; fileEncoding = 4; lastKnownFileType = sourcecode.c.h; path = Scoped1.h; sourceTree = "<group>"; };
		E83191B6192FD5C80048E4BB /* Scoped1.m */ = {isa = PBXFileReference; fileEncoding = 4; lastKnownFileType = sourcecode.c.objc; path = Scoped1.m; sourceTree = "<group>"; };
		E83191B8192FD5DA0048E4BB /* Scoped2.h */ = {isa = PBXFileReference; fileEncoding = 4; lastKnownFileType = sourcecode.c.h; path = Scoped2.h; sourceTree = "<group>"; };
		E83191B9192FD5DA0048E4BB /* Scoped2.m */ = {isa = PBXFileReference; fileEncoding = 4; lastKnownFileType = sourcecode.c.objc; path = Scoped2.m; sourceTree = "<group>"; };
		E851A3AA19199CD40076A5F1 /* EXTScope.h */ = {isa = PBXFileReference; fileEncoding = 4; lastKnownFileType = sourcecode.c.h; path = EXTScope.h; sourceTree = "<group>"; };
		E851A3AB19199CD40076A5F1 /* EXTScope.m */ = {isa = PBXFileReference; fileEncoding = 4; lastKnownFileType = sourcecode.c.objc; path = EXTScope.m; sourceTree = "<group>"; };
		E86B6543190EF96700F7916E /* PointerFunction.h */ = {isa = PBXFileReference; fileEncoding = 4; lastKnownFileType = sourcecode.c.h; path = PointerFunction.h; sourceTree = "<group>"; };
		E86B6544190EF96700F7916E /* PointerFunction.m */ = {isa = PBXFileReference; fileEncoding = 4; lastKnownFileType = sourcecode.c.objc; path = PointerFunction.m; sourceTree = "<group>"; };
		E86B6546190F0A4300F7916E /* NSInvocation+Extensions.h */ = {isa = PBXFileReference; fileEncoding = 4; lastKnownFileType = sourcecode.c.h; path = "NSInvocation+Extensions.h"; sourceTree = "<group>"; };
		E86B6547190F0A4300F7916E /* NSInvocation+Extensions.m */ = {isa = PBXFileReference; fileEncoding = 4; lastKnownFileType = sourcecode.c.objc; path = "NSInvocation+Extensions.m"; sourceTree = "<group>"; };
		E86B6549190F0DB000F7916E /* NSInvocation+Function.h */ = {isa = PBXFileReference; fileEncoding = 4; lastKnownFileType = sourcecode.c.h; path = "NSInvocation+Function.h"; sourceTree = "<group>"; };
		E86B654A190F0DB000F7916E /* NSInvocation+Function.m */ = {isa = PBXFileReference; fileEncoding = 4; lastKnownFileType = sourcecode.c.objc; path = "NSInvocation+Function.m"; sourceTree = "<group>"; };
		E86B656419104D9B00F7916E /* metamacros.h */ = {isa = PBXFileReference; fileEncoding = 4; lastKnownFileType = sourcecode.c.h; path = metamacros.h; sourceTree = "<group>"; };
		E8911D29193155D200E380AF /* NSObject+InfixOperators.h */ = {isa = PBXFileReference; fileEncoding = 4; lastKnownFileType = sourcecode.c.h; path = "NSObject+InfixOperators.h"; sourceTree = "<group>"; };
		E8911D2A193155D200E380AF /* NSObject+InfixOperators.m */ = {isa = PBXFileReference; fileEncoding = 4; lastKnownFileType = sourcecode.c.objc; path = "NSObject+InfixOperators.m"; sourceTree = "<group>"; };
		E8911D34193A22B200E380AF /* getcputime.c */ = {isa = PBXFileReference; fileEncoding = 4; lastKnownFileType = sourcecode.c.c; path = getcputime.c; sourceTree = "<group>"; };
		E8911D36193A283500E380AF /* Benchmarks.h */ = {isa = PBXFileReference; fileEncoding = 4; lastKnownFileType = sourcecode.c.h; path = Benchmarks.h; sourceTree = "<group>"; };
		E8911D37193A283500E380AF /* Benchmarks.m */ = {isa = PBXFileReference; fileEncoding = 4; lastKnownFileType = sourcecode.c.objc; path = Benchmarks.m; sourceTree = "<group>"; };
/* End PBXFileReference section */

/* Begin PBXFrameworksBuildPhase section */
		E8194BAC190D79C70072EC6F /* Frameworks */ = {
			isa = PBXFrameworksBuildPhase;
			buildActionMask = 2147483647;
			files = (
				E8194BB3190D79C70072EC6F /* Foundation.framework in Frameworks */,
			);
			runOnlyForDeploymentPostprocessing = 0;
		};
/* End PBXFrameworksBuildPhase section */

/* Begin PBXGroup section */
		E8194BA6190D79C70072EC6F = {
			isa = PBXGroup;
			children = (
				E8194BC9190D84C40072EC6F /* External */,
				E8194BB4190D79C70072EC6F /* ObjCCurry */,
				E8194BB1190D79C70072EC6F /* Frameworks */,
				E8194BB0190D79C70072EC6F /* Products */,
			);
			sourceTree = "<group>";
		};
		E8194BB0190D79C70072EC6F /* Products */ = {
			isa = PBXGroup;
			children = (
				E8194BAF190D79C70072EC6F /* ObjCCurry */,
			);
			name = Products;
			sourceTree = "<group>";
		};
		E8194BB1190D79C70072EC6F /* Frameworks */ = {
			isa = PBXGroup;
			children = (
				E8194BB2190D79C70072EC6F /* Foundation.framework */,
			);
			name = Frameworks;
			sourceTree = "<group>";
		};
		E8194BB4190D79C70072EC6F /* ObjCCurry */ = {
			isa = PBXGroup;
			children = (
				E8194BC0190D7A190072EC6F /* BlockFunction.h */,
				E8194BC1190D7A190072EC6F /* BlockFunction.m */,
				E83191AF192FCA920048E4BB /* FCF.h */,
				E83191B2192FCB040048E4BB /* FCFTest.h */,
				E83191B3192FCB040048E4BB /* FCFTest.m */,
				E8194BC2190D7A190072EC6F /* Function.h */,
				E8194BC3190D7A190072EC6F /* Function.m */,
				E8194BC4190D7A190072EC6F /* MethodFunction.h */,
				E8194BC5190D7A190072EC6F /* MethodFunction.m */,
				E8911D29193155D200E380AF /* NSObject+InfixOperators.h */,
				E8911D2A193155D200E380AF /* NSObject+InfixOperators.m */,
				E86B6543190EF96700F7916E /* PointerFunction.h */,
				E86B6544190EF96700F7916E /* PointerFunction.m */,
				E8194BB5190D79C70072EC6F /* main.m */,
				E8194BB7190D79C70072EC6F /* Supporting Files */,
				E86B6546190F0A4300F7916E /* NSInvocation+Extensions.h */,
				E86B6547190F0A4300F7916E /* NSInvocation+Extensions.m */,
				E86B6549190F0DB000F7916E /* NSInvocation+Function.h */,
				E86B654A190F0DB000F7916E /* NSInvocation+Function.m */,
				E83191B5192FD5C80048E4BB /* Scoped1.h */,
				E83191B6192FD5C80048E4BB /* Scoped1.m */,
				E83191B8192FD5DA0048E4BB /* Scoped2.h */,
				E83191B9192FD5DA0048E4BB /* Scoped2.m */,
				E8911D34193A22B200E380AF /* getcputime.c */,
				E8911D36193A283500E380AF /* Benchmarks.h */,
				E8911D37193A283500E380AF /* Benchmarks.m */,
			);
			path = ObjCCurry;
			sourceTree = "<group>";
		};
		E8194BB7190D79C70072EC6F /* Supporting Files */ = {
			isa = PBXGroup;
			children = (
				E8194BB8190D79C70072EC6F /* ObjCCurry-Prefix.pch */,
			);
			name = "Supporting Files";
			sourceTree = "<group>";
		};
		E8194BC9190D84C40072EC6F /* External */ = {
			isa = PBXGroup;
			children = (
				E86B654C19104D9B00F7916E /* libextobjc */,
				E8194BCA190D84C40072EC6F /* MABlockForwarding */,
			);
			path = External;
			sourceTree = "<group>";
		};
		E8194BCA190D84C40072EC6F /* MABlockForwarding */ = {
			isa = PBXGroup;
			children = (
				E8194BCC190D84C40072EC6F /* MABlockForwarding.h */,
				E8194BCD190D84C40072EC6F /* MABlockForwarding.m */,
			);
			path = MABlockForwarding;
			sourceTree = "<group>";
		};
		E86B654C19104D9B00F7916E /* libextobjc */ = {
			isa = PBXGroup;
			children = (
				E86B655019104D9B00F7916E /* extobjc */,
			);
			path = libextobjc;
			sourceTree = "<group>";
		};
		E86B655019104D9B00F7916E /* extobjc */ = {
			isa = PBXGroup;
			children = (
				E851A3AA19199CD40076A5F1 /* EXTScope.h */,
				E851A3AB19199CD40076A5F1 /* EXTScope.m */,
				E86B656419104D9B00F7916E /* metamacros.h */,
			);
			path = extobjc;
			sourceTree = "<group>";
		};
/* End PBXGroup section */

/* Begin PBXNativeTarget section */
		E8194BAE190D79C70072EC6F /* ObjCCurry */ = {
			isa = PBXNativeTarget;
			buildConfigurationList = E8194BBD190D79C70072EC6F /* Build configuration list for PBXNativeTarget "ObjCCurry" */;
			buildPhases = (
				E8194BAB190D79C70072EC6F /* Sources */,
				E8194BAC190D79C70072EC6F /* Frameworks */,
				E8194BAD190D79C70072EC6F /* CopyFiles */,
			);
			buildRules = (
			);
			dependencies = (
			);
			name = ObjCCurry;
			productName = ObjCCurry;
			productReference = E8194BAF190D79C70072EC6F /* ObjCCurry */;
			productType = "com.apple.product-type.tool";
		};
/* End PBXNativeTarget section */

/* Begin PBXProject section */
		E8194BA7190D79C70072EC6F /* Project object */ = {
			isa = PBXProject;
			attributes = {
				LastUpgradeCheck = 0510;
				ORGANIZATIONNAME = LKXF;
			};
			buildConfigurationList = E8194BAA190D79C70072EC6F /* Build configuration list for PBXProject "ObjCCurry" */;
			compatibilityVersion = "Xcode 3.2";
			developmentRegion = English;
			hasScannedForEncodings = 0;
			knownRegions = (
				en,
			);
			mainGroup = E8194BA6190D79C70072EC6F;
			productRefGroup = E8194BB0190D79C70072EC6F /* Products */;
			projectDirPath = "";
			projectRoot = "";
			targets = (
				E8194BAE190D79C70072EC6F /* ObjCCurry */,
			);
		};
/* End PBXProject section */

/* Begin PBXSourcesBuildPhase section */
		E8194BAB190D79C70072EC6F /* Sources */ = {
			isa = PBXSourcesBuildPhase;
			buildActionMask = 2147483647;
			files = (
				E83191BA192FD5DA0048E4BB /* Scoped2.m in Sources */,
				E8194BC7190D7A190072EC6F /* Function.m in Sources */,
				E8194BB6190D79C70072EC6F /* main.m in Sources */,
				E83191B7192FD5C80048E4BB /* Scoped1.m in Sources */,
				E8194BCF190D84C40072EC6F /* MABlockForwarding.m in Sources */,
				E851A3AC19199CD40076A5F1 /* EXTScope.m in Sources */,
				E83191B4192FCB040048E4BB /* FCFTest.m in Sources */,
				E86B6545190EF96700F7916E /* PointerFunction.m in Sources */,
				E8911D38193A283500E380AF /* Benchmarks.m in Sources */,
				E8911D35193A22B200E380AF /* getcputime.c in Sources */,
				E8911D2B193155D200E380AF /* NSObject+InfixOperators.m in Sources */,
				E8194BC8190D7A190072EC6F /* MethodFunction.m in Sources */,
				E8194BC6190D7A190072EC6F /* BlockFunction.m in Sources */,
				E86B654B190F0DB000F7916E /* NSInvocation+Function.m in Sources */,
				E86B6548190F0A4300F7916E /* NSInvocation+Extensions.m in Sources */,
			);
			runOnlyForDeploymentPostprocessing = 0;
		};
/* End PBXSourcesBuildPhase section */

/* Begin XCBuildConfiguration section */
		E8194BBB190D79C70072EC6F /* Debug */ = {
			isa = XCBuildConfiguration;
			buildSettings = {
				ALWAYS_SEARCH_USER_PATHS = NO;
				CLANG_CXX_LANGUAGE_STANDARD = "gnu++0x";
				CLANG_CXX_LIBRARY = "libc++";
				CLANG_ENABLE_MODULES = YES;
				CLANG_ENABLE_OBJC_ARC = YES;
				CLANG_WARN_BOOL_CONVERSION = YES;
				CLANG_WARN_CONSTANT_CONVERSION = YES;
				CLANG_WARN_DIRECT_OBJC_ISA_USAGE = YES_ERROR;
				CLANG_WARN_EMPTY_BODY = YES;
				CLANG_WARN_ENUM_CONVERSION = YES;
				CLANG_WARN_INT_CONVERSION = YES;
				CLANG_WARN_OBJC_ROOT_CLASS = YES_ERROR;
				CLANG_WARN__DUPLICATE_METHOD_MATCH = YES;
				COPY_PHASE_STRIP = NO;
				GCC_C_LANGUAGE_STANDARD = gnu99;
				GCC_DYNAMIC_NO_PIC = NO;
				GCC_ENABLE_OBJC_EXCEPTIONS = YES;
				GCC_OPTIMIZATION_LEVEL = 0;
				GCC_PREPROCESSOR_DEFINITIONS = (
					"DEBUG=1",
					"$(inherited)",
				);
				GCC_SYMBOLS_PRIVATE_EXTERN = NO;
				GCC_WARN_64_TO_32_BIT_CONVERSION = YES;
				GCC_WARN_ABOUT_RETURN_TYPE = YES_ERROR;
				GCC_WARN_UNDECLARED_SELECTOR = YES;
				GCC_WARN_UNINITIALIZED_AUTOS = YES_AGGRESSIVE;
				GCC_WARN_UNUSED_FUNCTION = YES;
				GCC_WARN_UNUSED_VARIABLE = YES;
				MACOSX_DEPLOYMENT_TARGET = 10.9;
				ONLY_ACTIVE_ARCH = YES;
				SDKROOT = macosx;
			};
			name = Debug;
		};
		E8194BBC190D79C70072EC6F /* Release */ = {
			isa = XCBuildConfiguration;
			buildSettings = {
				ALWAYS_SEARCH_USER_PATHS = NO;
				CLANG_CXX_LANGUAGE_STANDARD = "gnu++0x";
				CLANG_CXX_LIBRARY = "libc++";
				CLANG_ENABLE_MODULES = YES;
				CLANG_ENABLE_OBJC_ARC = YES;
				CLANG_WARN_BOOL_CONVERSION = YES;
				CLANG_WARN_CONSTANT_CONVERSION = YES;
				CLANG_WARN_DIRECT_OBJC_ISA_USAGE = YES_ERROR;
				CLANG_WARN_EMPTY_BODY = YES;
				CLANG_WARN_ENUM_CONVERSION = YES;
				CLANG_WARN_INT_CONVERSION = YES;
				CLANG_WARN_OBJC_ROOT_CLASS = YES_ERROR;
				CLANG_WARN__DUPLICATE_METHOD_MATCH = YES;
				COPY_PHASE_STRIP = YES;
				DEBUG_INFORMATION_FORMAT = "dwarf-with-dsym";
				ENABLE_NS_ASSERTIONS = NO;
				GCC_C_LANGUAGE_STANDARD = gnu99;
				GCC_ENABLE_OBJC_EXCEPTIONS = YES;
				GCC_WARN_64_TO_32_BIT_CONVERSION = YES;
				GCC_WARN_ABOUT_RETURN_TYPE = YES_ERROR;
				GCC_WARN_UNDECLARED_SELECTOR = YES;
				GCC_WARN_UNINITIALIZED_AUTOS = YES_AGGRESSIVE;
				GCC_WARN_UNUSED_FUNCTION = YES;
				GCC_WARN_UNUSED_VARIABLE = YES;
				MACOSX_DEPLOYMENT_TARGET = 10.9;
				SDKROOT = macosx;
			};
			name = Release;
		};
		E8194BBE190D79C70072EC6F /* Debug */ = {
			isa = XCBuildConfiguration;
			buildSettings = {
				GCC_PRECOMPILE_PREFIX_HEADER = YES;
				GCC_PREFIX_HEADER = "ObjCCurry/ObjCCurry-Prefix.pch";
				PRODUCT_NAME = "$(TARGET_NAME)";
			};
			name = Debug;
		};
		E8194BBF190D79C70072EC6F /* Release */ = {
			isa = XCBuildConfiguration;
			buildSettings = {
				GCC_PRECOMPILE_PREFIX_HEADER = YES;
				GCC_PREFIX_HEADER = "ObjCCurry/ObjCCurry-Prefix.pch";
				PRODUCT_NAME = "$(TARGET_NAME)";
			};
			name = Release;
		};
/* End XCBuildConfiguration section */

/* Begin XCConfigurationList section */
		E8194BAA190D79C70072EC6F /* Build configuration list for PBXProject "ObjCCurry" */ = {
			isa = XCConfigurationList;
			buildConfigurations = (
				E8194BBB190D79C70072EC6F /* Debug */,
				E8194BBC190D79C70072EC6F /* Release */,
			);
			defaultConfigurationIsVisible = 0;
			defaultConfigurationName = Release;
		};
		E8194BBD190D79C70072EC6F /* Build configuration list for PBXNativeTarget "ObjCCurry" */ = {
			isa = XCConfigurationList;
			buildConfigurations = (
				E8194BBE190D79C70072EC6F /* Debug */,
				E8194BBF190D79C70072EC6F /* Release */,
			);
			defaultConfigurationIsVisible = 0;
			defaultConfigurationName = Release;
		};
/* End XCConfigurationList section */
	};
	rootObject = E8194BA7190D79C70072EC6F /* Project object */;
}
